
Microsoft Visual Studio Solution File, Format Version 12.00
# Visual Studio Version 16
VisualStudioVersion = 16.0.29020.237
MinimumVisualStudioVersion = 10.0.40219.1
Project("{8BC9CEB8-8B4A-11D0-8D11-00A0C91BC942}") = "Player", "Player\Player.vcxproj", "{12C5EAD2-10D0-46B4-9D2F-307DD00ED155}"
	ProjectSection(ProjectDependencies) = postProject
		{A96BB211-191F-402D-9A9F-23712B2A6A2C} = {A96BB211-191F-402D-9A9F-23712B2A6A2C}
	EndProjectSection
EndProject
Project("{8BC9CEB8-8B4A-11D0-8D11-00A0C91BC942}") = "libsilk", "libsilk\libsilk.vcxproj", "{A96BB211-191F-402D-9A9F-23712B2A6A2C}"
	ProjectSection(ProjectDependencies) = postProject
		{56B91D01-9150-4BBF-AFA1-5B68AB991B76} = {56B91D01-9150-4BBF-AFA1-5B68AB991B76}
		{82685D7F-0589-42BD-877C-31A952D53A8E} = {82685D7F-0589-42BD-877C-31A952D53A8E}
	EndProjectSection
EndProject
Project("{8BC9CEB8-8B4A-11D0-8D11-00A0C91BC942}") = "Enc_SDK", "SILK_SDK_SRC_FLP_v1.0.9\test\Enc_SDK.vcxproj", "{6D97A8EF-5724-4D85-8BF4-C583714BBA78}"
EndProject
Project("{8BC9CEB8-8B4A-11D0-8D11-00A0C91BC942}") = "Silk_FLP", "SILK_SDK_SRC_FLP_v1.0.9\src\Silk_FLP.vcxproj", "{56B91D01-9150-4BBF-AFA1-5B68AB991B76}"
EndProject
Project("{8BC9CEB8-8B4A-11D0-8D11-00A0C91BC942}") = "SignalCompare", "SILK_SDK_SRC_FLP_v1.0.9\test\SignalCompare.vcxproj", "{7FE8F544-9175-40C3-A187-7F15CE9A75D8}"
EndProject
Project("{2150E333-8FDC-42A3-9474-1A3956D46DE8}") = "silklib", "silklib", "{F7514A99-4BC5-4C7B-916D-3154F9E3C658}"
EndProject
Project("{8BC9CEB8-8B4A-11D0-8D11-00A0C91BC942}") = "Dec_SDK", "SILK_SDK_SRC_FLP_v1.0.9\test\Dec_SDK.vcxproj", "{82685D7F-0589-42BD-877C-31A952D53A8E}"
EndProject
Project("{8BC9CEB8-8B4A-11D0-8D11-00A0C91BC942}") = "SendTest", "SendTest\SendTest.vcxproj", "{64148979-8CFA-4381-AE2C-2DAC5FFDA8F0}"
EndProject
Global
	GlobalSection(SolutionConfigurationPlatforms) = preSolution
		Debug|Win32 = Debug|Win32
		Debug|x64 = Debug|x64
		Debug|x86 = Debug|x86
		Release|Win32 = Release|Win32
		Release|x64 = Release|x64
		Release|x86 = Release|x86
	EndGlobalSection
	GlobalSection(ProjectConfigurationPlatforms) = postSolution
		{12C5EAD2-10D0-46B4-9D2F-307DD00ED155}.Debug|Win32.ActiveCfg = Debug|Win32
		{12C5EAD2-10D0-46B4-9D2F-307DD00ED155}.Debug|Win32.Build.0 = Debug|Win32
		{12C5EAD2-10D0-46B4-9D2F-307DD00ED155}.Debug|x64.ActiveCfg = Debug|x64
		{12C5EAD2-10D0-46B4-9D2F-307DD00ED155}.Debug|x64.Build.0 = Debug|x64
		{12C5EAD2-10D0-46B4-9D2F-307DD00ED155}.Debug|x86.ActiveCfg = Debug|Win32
		{12C5EAD2-10D0-46B4-9D2F-307DD00ED155}.Debug|x86.Build.0 = Debug|Win32
		{12C5EAD2-10D0-46B4-9D2F-307DD00ED155}.Release|Win32.ActiveCfg = Release|Win32
		{12C5EAD2-10D0-46B4-9D2F-307DD00ED155}.Release|Win32.Build.0 = Release|Win32
		{12C5EAD2-10D0-46B4-9D2F-307DD00ED155}.Release|x64.ActiveCfg = Release|x64
		{12C5EAD2-10D0-46B4-9D2F-307DD00ED155}.Release|x64.Build.0 = Release|x64
		{12C5EAD2-10D0-46B4-9D2F-307DD00ED155}.Release|x86.ActiveCfg = Release|Win32
		{12C5EAD2-10D0-46B4-9D2F-307DD00ED155}.Release|x86.Build.0 = Release|Win32
		{A96BB211-191F-402D-9A9F-23712B2A6A2C}.Debug|Win32.ActiveCfg = Debug|Win32
		{A96BB211-191F-402D-9A9F-23712B2A6A2C}.Debug|Win32.Build.0 = Debug|Win32
		{A96BB211-191F-402D-9A9F-23712B2A6A2C}.Debug|x64.ActiveCfg = Debug|x64
		{A96BB211-191F-402D-9A9F-23712B2A6A2C}.Debug|x64.Build.0 = Debug|x64
		{A96BB211-191F-402D-9A9F-23712B2A6A2C}.Debug|x86.ActiveCfg = Debug|Win32
		{A96BB211-191F-402D-9A9F-23712B2A6A2C}.Debug|x86.Build.0 = Debug|Win32
		{A96BB211-191F-402D-9A9F-23712B2A6A2C}.Release|Win32.ActiveCfg = Release|Win32
		{A96BB211-191F-402D-9A9F-23712B2A6A2C}.Release|Win32.Build.0 = Release|Win32
		{A96BB211-191F-402D-9A9F-23712B2A6A2C}.Release|x64.ActiveCfg = Release|x64
		{A96BB211-191F-402D-9A9F-23712B2A6A2C}.Release|x64.Build.0 = Release|x64
		{A96BB211-191F-402D-9A9F-23712B2A6A2C}.Release|x86.ActiveCfg = Release|Win32
		{A96BB211-191F-402D-9A9F-23712B2A6A2C}.Release|x86.Build.0 = Release|Win32
		{6D97A8EF-5724-4D85-8BF4-C583714BBA78}.Debug|Win32.ActiveCfg = Debug|Win32
		{6D97A8EF-5724-4D85-8BF4-C583714BBA78}.Debug|Win32.Build.0 = Debug|Win32
		{6D97A8EF-5724-4D85-8BF4-C583714BBA78}.Debug|x64.ActiveCfg = Debug|x64
		{6D97A8EF-5724-4D85-8BF4-C583714BBA78}.Debug|x64.Build.0 = Debug|x64
		{6D97A8EF-5724-4D85-8BF4-C583714BBA78}.Debug|x86.ActiveCfg = Debug|Win32
		{6D97A8EF-5724-4D85-8BF4-C583714BBA78}.Debug|x86.Build.0 = Debug|Win32
		{6D97A8EF-5724-4D85-8BF4-C583714BBA78}.Release|Win32.ActiveCfg = Release|Win32
		{6D97A8EF-5724-4D85-8BF4-C583714BBA78}.Release|Win32.Build.0 = Release|Win32
		{6D97A8EF-5724-4D85-8BF4-C583714BBA78}.Release|x64.ActiveCfg = Release|x64
		{6D97A8EF-5724-4D85-8BF4-C583714BBA78}.Release|x64.Build.0 = Release|x64
		{6D97A8EF-5724-4D85-8BF4-C583714BBA78}.Release|x86.ActiveCfg = Release|Win32
		{6D97A8EF-5724-4D85-8BF4-C583714BBA78}.Release|x86.Build.0 = Release|Win32
		{56B91D01-9150-4BBF-AFA1-5B68AB991B76}.Debug|Win32.ActiveCfg = Debug|Win32
		{56B91D01-9150-4BBF-AFA1-5B68AB991B76}.Debug|Win32.Build.0 = Debug|Win32
		{56B91D01-9150-4BBF-AFA1-5B68AB991B76}.Debug|x64.ActiveCfg = Debug|x64
		{56B91D01-9150-4BBF-AFA1-5B68AB991B76}.Debug|x64.Build.0 = Debug|x64
		{56B91D01-9150-4BBF-AFA1-5B68AB991B76}.Debug|x86.ActiveCfg = Debug|Win32
		{56B91D01-9150-4BBF-AFA1-5B68AB991B76}.Debug|x86.Build.0 = Debug|Win32
		{56B91D01-9150-4BBF-AFA1-5B68AB991B76}.Release|Win32.ActiveCfg = Release|Win32
		{56B91D01-9150-4BBF-AFA1-5B68AB991B76}.Release|Win32.Build.0 = Release|Win32
		{56B91D01-9150-4BBF-AFA1-5B68AB991B76}.Release|x64.ActiveCfg = Release|x64
		{56B91D01-9150-4BBF-AFA1-5B68AB991B76}.Release|x64.Build.0 = Release|x64
		{56B91D01-9150-4BBF-AFA1-5B68AB991B76}.Release|x86.ActiveCfg = Release|Win32
		{56B91D01-9150-4BBF-AFA1-5B68AB991B76}.Release|x86.Build.0 = Release|Win32
		{7FE8F544-9175-40C3-A187-7F15CE9A75D8}.Debug|Win32.ActiveCfg = Debug|Win32
		{7FE8F544-9175-40C3-A187-7F15CE9A75D8}.Debug|Win32.Build.0 = Debug|Win32
		{7FE8F544-9175-40C3-A187-7F15CE9A75D8}.Debug|x64.ActiveCfg = Debug|x64
		{7FE8F544-9175-40C3-A187-7F15CE9A75D8}.Debug|x64.Build.0 = Debug|x64
		{7FE8F544-9175-40C3-A187-7F15CE9A75D8}.Debug|x86.ActiveCfg = Debug|Win32
		{7FE8F544-9175-40C3-A187-7F15CE9A75D8}.Debug|x86.Build.0 = Debug|Win32
		{7FE8F544-9175-40C3-A187-7F15CE9A75D8}.Release|Win32.ActiveCfg = Release|Win32
		{7FE8F544-9175-40C3-A187-7F15CE9A75D8}.Release|Win32.Build.0 = Release|Win32
		{7FE8F544-9175-40C3-A187-7F15CE9A75D8}.Release|x64.ActiveCfg = Release|x64
		{7FE8F544-9175-40C3-A187-7F15CE9A75D8}.Release|x64.Build.0 = Release|x64
		{7FE8F544-9175-40C3-A187-7F15CE9A75D8}.Release|x86.ActiveCfg = Release|Win32
		{7FE8F544-9175-40C3-A187-7F15CE9A75D8}.Release|x86.Build.0 = Release|Win32
		{82685D7F-0589-42BD-877C-31A952D53A8E}.Debug|Win32.ActiveCfg = Debug|Win32
		{82685D7F-0589-42BD-877C-31A952D53A8E}.Debug|Win32.Build.0 = Debug|Win32
		{82685D7F-0589-42BD-877C-31A952D53A8E}.Debug|x64.ActiveCfg = Debug|Win32
		{82685D7F-0589-42BD-877C-31A952D53A8E}.Debug|x86.ActiveCfg = Debug|Win32
		{82685D7F-0589-42BD-877C-31A952D53A8E}.Debug|x86.Build.0 = Debug|Win32
		{82685D7F-0589-42BD-877C-31A952D53A8E}.Release|Win32.ActiveCfg = Release|Win32
		{82685D7F-0589-42BD-877C-31A952D53A8E}.Release|Win32.Build.0 = Release|Win32
		{82685D7F-0589-42BD-877C-31A952D53A8E}.Release|x64.ActiveCfg = Release|Win32
		{82685D7F-0589-42BD-877C-31A952D53A8E}.Release|x86.ActiveCfg = Release|Win32
		{82685D7F-0589-42BD-877C-31A952D53A8E}.Release|x86.Build.0 = Release|Win32
		{64148979-8CFA-4381-AE2C-2DAC5FFDA8F0}.Debug|Win32.ActiveCfg = Debug|Win32
		{64148979-8CFA-4381-AE2C-2DAC5FFDA8F0}.Debug|Win32.Build.0 = Debug|Win32
		{64148979-8CFA-4381-AE2C-2DAC5FFDA8F0}.Debug|x64.ActiveCfg = Debug|x64
		{64148979-8CFA-4381-AE2C-2DAC5FFDA8F0}.Debug|x64.Build.0 = Debug|x64
		{64148979-8CFA-4381-AE2C-2DAC5FFDA8F0}.Debug|x86.ActiveCfg = Debug|Win32
		{64148979-8CFA-4381-AE2C-2DAC5FFDA8F0}.Debug|x86.Build.0 = Debug|Win32
		{64148979-8CFA-4381-AE2C-2DAC5FFDA8F0}.Release|Win32.ActiveCfg = Release|Win32
		{64148979-8CFA-4381-AE2C-2DAC5FFDA8F0}.Release|Win32.Build.0 = Release|Win32
		{64148979-8CFA-4381-AE2C-2DAC5FFDA8F0}.Release|x64.ActiveCfg = Release|x64
		{64148979-8CFA-4381-AE2C-2DAC5FFDA8F0}.Release|x64.Build.0 = Release|x64
		{64148979-8CFA-4381-AE2C-2DAC5FFDA8F0}.Release|x86.ActiveCfg = Release|Win32
		{64148979-8CFA-4381-AE2C-2DAC5FFDA8F0}.Release|x86.Build.0 = Release|Win32
	EndGlobalSection
	GlobalSection(SolutionProperties) = preSolution
		HideSolutionNode = FALSE
	EndGlobalSection
	GlobalSection(NestedProjects) = preSolution
		{A96BB211-191F-402D-9A9F-23712B2A6A2C} = {F7514A99-4BC5-4C7B-916D-3154F9E3C658}
		{6D97A8EF-5724-4D85-8BF4-C583714BBA78} = {F7514A99-4BC5-4C7B-916D-3154F9E3C658}
		{56B91D01-9150-4BBF-AFA1-5B68AB991B76} = {F7514A99-4BC5-4C7B-916D-3154F9E3C658}
		{7FE8F544-9175-40C3-A187-7F15CE9A75D8} = {F7514A99-4BC5-4C7B-916D-3154F9E3C658}
		{82685D7F-0589-42BD-877C-31A952D53A8E} = {F7514A99-4BC5-4C7B-916D-3154F9E3C658}
	EndGlobalSection
	GlobalSection(ExtensibilityGlobals) = postSolution
		SolutionGuid = {A12F02A7-5157-4AE1-A969-C5AB93982BEB}
	EndGlobalSection
EndGlobal
